
Microsoft Visual Studio Solution File, Format Version 12.00
# Visual Studio Version 16
VisualStudioVersion = 16.0.31424.327
MinimumVisualStudioVersion = 10.0.40219.1
Project("{FAE04EC0-301F-11D3-BF4B-00C04F79EFBC}") = "ISP2", "ISP2\ISP2.csproj", "{154CA0B5-4DF4-469B-9361-D7031ACC1FD4}"
EndProject
Global
	GlobalSection(SolutionConfigurationPlatforms) = preSolution
		Debug|Any CPU = Debug|Any CPU
		Release|Any CPU = Release|Any CPU
	EndGlobalSection
	GlobalSection(ProjectConfigurationPlatforms) = postSolution
		{154CA0B5-4DF4-469B-9361-D7031ACC1FD4}.Debug|Any CPU.ActiveCfg = Debug|Any CPU
		{154CA0B5-4DF4-469B-9361-D7031ACC1FD4}.Debug|Any CPU.Build.0 = Debug|Any CPU
		{154CA0B5-4DF4-469B-9361-D7031ACC1FD4}.Release|Any CPU.ActiveCfg = Release|Any CPU
		{154CA0B5-4DF4-469B-9361-D7031ACC1FD4}.Release|Any CPU.Build.0 = Release|Any CPU
	EndGlobalSection
	GlobalSection(SolutionProperties) = preSolution
		HideSolutionNode = FALSE
	EndGlobalSection
	GlobalSection(ExtensibilityGlobals) = postSolution
		SolutionGuid = {71066A5B-EE76-4867-8D0B-3C11EE7E45F2}
	EndGlobalSection
EndGlobal
